
Microsoft Visual Studio Solution File, Format Version 12.00
# Visual Studio Version 17
VisualStudioVersion = 17.8.34322.80
MinimumVisualStudioVersion = 10.0.40219.1
Project("{FAE04EC0-301F-11D3-BF4B-00C04F79EFBC}") = "PRID_Demo", "PRID_Demo.csproj", "{DF5869BA-6B14-41B8-959B-B1C4DD96488A}"
EndProject
Global
	GlobalSection(SolutionConfigurationPlatforms) = preSolution
		Debug|Any CPU = Debug|Any CPU
		Release|Any CPU = Release|Any CPU
	EndGlobalSection
	GlobalSection(ProjectConfigurationPlatforms) = postSolution
		{DF5869BA-6B14-41B8-959B-B1C4DD96488A}.Debug|Any CPU.ActiveCfg = Debug|Any CPU
		{DF5869BA-6B14-41B8-959B-B1C4DD96488A}.Debug|Any CPU.Build.0 = Debug|Any CPU
		{DF5869BA-6B14-41B8-959B-B1C4DD96488A}.Release|Any CPU.ActiveCfg = Release|Any CPU
		{DF5869BA-6B14-41B8-959B-B1C4DD96488A}.Release|Any CPU.Build.0 = Release|Any CPU
	EndGlobalSection
	GlobalSection(SolutionProperties) = preSolution
		HideSolutionNode = FALSE
	EndGlobalSection
	GlobalSection(ExtensibilityGlobals) = postSolution
		SolutionGuid = {968D520F-6DD3-4101-AE53-1B9F8EEEBF52}
	EndGlobalSection
EndGlobal
